
Microsoft Visual Studio Solution File, Format Version 12.00
# Visual Studio Version 17
VisualStudioVersion = 17.0.31903.59
MinimumVisualStudioVersion = 10.0.40219.1
Project("{2150E333-8FDC-42A3-9474-1A3956D46DE8}") = "src", "src", "{827E0CD3-B72D-47B6-A68D-7590B98EB39B}"
EndProject
Project("{FAE04EC0-301F-11D3-BF4B-00C04F79EFBC}") = "Culprit.Core", "src\Culprit.Core\Culprit.Core.csproj", "{E4150BE9-C172-48DF-A54D-18EC6CC43028}"
EndProject
Project("{FAE04EC0-301F-11D3-BF4B-00C04F79EFBC}") = "Culprit", "src\Culprit\Culprit.csproj", "{B0CB7F85-3DE9-44B2-A906-1502DBB3EE74}"
EndProject
Project("{2150E333-8FDC-42A3-9474-1A3956D46DE8}") = "tests", "tests", "{0AB3BF05-4346-4AA6-1389-037BE0695223}"
EndProject
Project("{FAE04EC0-301F-11D3-BF4B-00C04F79EFBC}") = "Culprit.Core.Tests", "tests\Culprit.Core.Tests\Culprit.Core.Tests.csproj", "{C440006D-4432-454B-A24B-C646E44DDC62}"
EndProject
Global
	GlobalSection(SolutionConfigurationPlatforms) = preSolution
		Debug|Any CPU = Debug|Any CPU
		Debug|x64 = Debug|x64
		Debug|x86 = Debug|x86
		Release|Any CPU = Release|Any CPU
		Release|x64 = Release|x64
		Release|x86 = Release|x86
	EndGlobalSection
	GlobalSection(ProjectConfigurationPlatforms) = postSolution
		{E4150BE9-C172-48DF-A54D-18EC6CC43028}.Debug|Any CPU.ActiveCfg = Debug|Any CPU
		{E4150BE9-C172-48DF-A54D-18EC6CC43028}.Debug|Any CPU.Build.0 = Debug|Any CPU
		{E4150BE9-C172-48DF-A54D-18EC6CC43028}.Debug|x64.ActiveCfg = Debug|Any CPU
		{E4150BE9-C172-48DF-A54D-18EC6CC43028}.Debug|x64.Build.0 = Debug|Any CPU
		{E4150BE9-C172-48DF-A54D-18EC6CC43028}.Debug|x86.ActiveCfg = Debug|Any CPU
		{E4150BE9-C172-48DF-A54D-18EC6CC43028}.Debug|x86.Build.0 = Debug|Any CPU
		{E4150BE9-C172-48DF-A54D-18EC6CC43028}.Release|Any CPU.ActiveCfg = Release|Any CPU
		{E4150BE9-C172-48DF-A54D-18EC6CC43028}.Release|Any CPU.Build.0 = Release|Any CPU
		{E4150BE9-C172-48DF-A54D-18EC6CC43028}.Release|x64.ActiveCfg = Release|Any CPU
		{E4150BE9-C172-48DF-A54D-18EC6CC43028}.Release|x64.Build.0 = Release|Any CPU
		{E4150BE9-C172-48DF-A54D-18EC6CC43028}.Release|x86.ActiveCfg = Release|Any CPU
		{E4150BE9-C172-48DF-A54D-18EC6CC43028}.Release|x86.Build.0 = Release|Any CPU
		{B0CB7F85-3DE9-44B2-A906-1502DBB3EE74}.Debug|Any CPU.ActiveCfg = Debug|Any CPU
		{B0CB7F85-3DE9-44B2-A906-1502DBB3EE74}.Debug|Any CPU.Build.0 = Debug|Any CPU
		{B0CB7F85-3DE9-44B2-A906-1502DBB3EE74}.Debug|x64.ActiveCfg = Debug|Any CPU
		{B0CB7F85-3DE9-44B2-A906-1502DBB3EE74}.Debug|x64.Build.0 = Debug|Any CPU
		{B0CB7F85-3DE9-44B2-A906-1502DBB3EE74}.Debug|x86.ActiveCfg = Debug|Any CPU
		{B0CB7F85-3DE9-44B2-A906-1502DBB3EE74}.Debug|x86.Build.0 = Debug|Any CPU
		{B0CB7F85-3DE9-44B2-A906-1502DBB3EE74}.Release|Any CPU.ActiveCfg = Release|Any CPU
		{B0CB7F85-3DE9-44B2-A906-1502DBB3EE74}.Release|Any CPU.Build.0 = Release|Any CPU
		{B0CB7F85-3DE9-44B2-A906-1502DBB3EE74}.Release|x64.ActiveCfg = Release|Any CPU
		{B0CB7F85-3DE9-44B2-A906-1502DBB3EE74}.Release|x64.Build.0 = Release|Any CPU
		{B0CB7F85-3DE9-44B2-A906-1502DBB3EE74}.Release|x86.ActiveCfg = Release|Any CPU
		{B0CB7F85-3DE9-44B2-A906-1502DBB3EE74}.Release|x86.Build.0 = Release|Any CPU
		{C440006D-4432-454B-A24B-C646E44DDC62}.Debug|Any CPU.ActiveCfg = Debug|Any CPU
		{C440006D-4432-454B-A24B-C646E44DDC62}.Debug|Any CPU.Build.0 = Debug|Any CPU
		{C440006D-4432-454B-A24B-C646E44DDC62}.Debug|x64.ActiveCfg = Debug|Any CPU
		{C440006D-4432-454B-A24B-C646E44DDC62}.Debug|x64.Build.0 = Debug|Any CPU
		{C440006D-4432-454B-A24B-C646E44DDC62}.Debug|x86.ActiveCfg = Debug|Any CPU
		{C440006D-4432-454B-A24B-C646E44DDC62}.Debug|x86.Build.0 = Debug|Any CPU
		{C440006D-4432-454B-A24B-C646E44DDC62}.Release|Any CPU.ActiveCfg = Release|Any CPU
		{C440006D-4432-454B-A24B-C646E44DDC62}.Release|Any CPU.Build.0 = Release|Any CPU
		{C440006D-4432-454B-A24B-C646E44DDC62}.Release|x64.ActiveCfg = Release|Any CPU
		{C440006D-4432-454B-A24B-C646E44DDC62}.Release|x64.Build.0 = Release|Any CPU
		{C440006D-4432-454B-A24B-C646E44DDC62}.Release|x86.ActiveCfg = Release|Any CPU
		{C440006D-4432-454B-A24B-C646E44DDC62}.Release|x86.Build.0 = Release|Any CPU
	EndGlobalSection
	GlobalSection(SolutionProperties) = preSolution
		HideSolutionNode = FALSE
	EndGlobalSection
	GlobalSection(NestedProjects) = preSolution
		{E4150BE9-C172-48DF-A54D-18EC6CC43028} = {827E0CD3-B72D-47B6-A68D-7590B98EB39B}
		{B0CB7F85-3DE9-44B2-A906-1502DBB3EE74} = {827E0CD3-B72D-47B6-A68D-7590B98EB39B}
		{C440006D-4432-454B-A24B-C646E44DDC62} = {0AB3BF05-4346-4AA6-1389-037BE0695223}
	EndGlobalSection
EndGlobal
